// !$*UTF8*$!
{
	archiveVersion = 1;
	classes = {
	};
	objectVersion = 46;
	objects = {

/* Begin PBXBuildFile section */
		7F6AB3DF1BC3128B00CD2848 /* UITextFieldIpAddress.m in Sources */ = {isa = PBXBuildFile; fileRef = 7F6AB3DE1BC3128B00CD2848 /* UITextFieldIpAddress.m */; };
		7FE276A01A798718000C8A28 /* Entitlements.plist in Resources */ = {isa = PBXBuildFile; fileRef = 7FE2769F1A798718000C8A28 /* Entitlements.plist */; };
		7FE276A31A7993B2000C8A28 /* BBMediaTableViewCell.m in Sources */ = {isa = PBXBuildFile; fileRef = 7FE276A21A7993B2000C8A28 /* BBMediaTableViewCell.m */; };
		FB05E49C191E4F2D00CE5617 /* BBSortViewController.m in Sources */ = {isa = PBXBuildFile; fileRef = FB05E49B191E4F2D00CE5617 /* BBSortViewController.m */; };
		FB1561341911A268006AD3B3 /* Foundation.framework in Frameworks */ = {isa = PBXBuildFile; fileRef = FB1561331911A268006AD3B3 /* Foundation.framework */; };
		FB1561361911A268006AD3B3 /* CoreGraphics.framework in Frameworks */ = {isa = PBXBuildFile; fileRef = FB1561351911A268006AD3B3 /* CoreGraphics.framework */; };
		FB1561381911A268006AD3B3 /* UIKit.framework in Frameworks */ = {isa = PBXBuildFile; fileRef = FB1561371911A268006AD3B3 /* UIKit.framework */; };
		FB15613A1911A268006AD3B3 /* CoreData.framework in Frameworks */ = {isa = PBXBuildFile; fileRef = FB1561391911A268006AD3B3 /* CoreData.framework */; };
		FB1561401911A268006AD3B3 /* InfoPlist.strings in Resources */ = {isa = PBXBuildFile; fileRef = FB15613E1911A268006AD3B3 /* InfoPlist.strings */; };
		FB1561421911A268006AD3B3 /* main.m in Sources */ = {isa = PBXBuildFile; fileRef = FB1561411911A268006AD3B3 /* main.m */; };
		FB1561461911A268006AD3B3 /* BBAppDelegate.m in Sources */ = {isa = PBXBuildFile; fileRef = FB1561451911A268006AD3B3 /* BBAppDelegate.m */; };
		FB15614C1911A268006AD3B3 /* Main_iPad.storyboard in Resources */ = {isa = PBXBuildFile; fileRef = FB15614A1911A268006AD3B3 /* Main_iPad.storyboard */; };
		FB15614F1911A268006AD3B3 /* BoxeeBrowser.xcdatamodeld in Sources */ = {isa = PBXBuildFile; fileRef = FB15614D1911A268006AD3B3 /* BoxeeBrowser.xcdatamodeld */; };
		FB1561521911A268006AD3B3 /* BBMasterViewController.m in Sources */ = {isa = PBXBuildFile; fileRef = FB1561511911A268006AD3B3 /* BBMasterViewController.m */; };
		FB1561571911A268006AD3B3 /* Images.xcassets in Resources */ = {isa = PBXBuildFile; fileRef = FB1561561911A268006AD3B3 /* Images.xcassets */; };
		FB1561801911A3CC006AD3B3 /* BBEnhancedLabel.m in Sources */ = {isa = PBXBuildFile; fileRef = FB1561751911A3CC006AD3B3 /* BBEnhancedLabel.m */; };
		FB1561811911A3CC006AD3B3 /* BBFtp.m in Sources */ = {isa = PBXBuildFile; fileRef = FB1561771911A3CC006AD3B3 /* BBFtp.m */; };
		FB1561841911A3CC006AD3B3 /* BBTelnet.m in Sources */ = {isa = PBXBuildFile; fileRef = FB15617E1911A3CC006AD3B3 /* BBTelnet.m */; };
		FB15618A1911A457006AD3B3 /* BBMediaItem.m in Sources */ = {isa = PBXBuildFile; fileRef = FB1561891911A457006AD3B3 /* BBMediaItem.m */; };
		FB15618C1911A481006AD3B3 /* icon-imdb.png in Resources */ = {isa = PBXBuildFile; fileRef = FB15618B1911A481006AD3B3 /* icon-imdb.png */; };
		FB15618E1911B333006AD3B3 /* libsqlite3.dylib in Frameworks */ = {isa = PBXBuildFile; fileRef = FB15618D1911B333006AD3B3 /* libsqlite3.dylib */; };
		FB1561911911B491006AD3B3 /* BBMovieTableViewCell.m in Sources */ = {isa = PBXBuildFile; fileRef = FB1561901911B491006AD3B3 /* BBMovieTableViewCell.m */; };
		FB18C7371923F8DA001A6555 /* BBDetailViewController.m in Sources */ = {isa = PBXBuildFile; fileRef = FB18C7361923F8DA001A6555 /* BBDetailViewController.m */; };
		FB19E792192AA62200B08984 /* thumbnail-default-movie.png in Resources */ = {isa = PBXBuildFile; fileRef = FB19E791192AA62200B08984 /* thumbnail-default-movie.png */; };
		FB19E794192AA7BA00B08984 /* thumbnail-default-show.png in Resources */ = {isa = PBXBuildFile; fileRef = FB19E793192AA7BA00B08984 /* thumbnail-default-show.png */; };
		FB19E796192AA87C00B08984 /* background.jpg in Resources */ = {isa = PBXBuildFile; fileRef = FB19E795192AA87C00B08984 /* background.jpg */; };
		FB19E798192AADFB00B08984 /* watched.png in Resources */ = {isa = PBXBuildFile; fileRef = FB19E797192AADFB00B08984 /* watched.png */; };
		FB1A1F80192933D900CD6EE1 /* BBUITableViewCell.m in Sources */ = {isa = PBXBuildFile; fileRef = FB1A1F7F192933D900CD6EE1 /* BBUITableViewCell.m */; };
		FB27CDE51922B789001D22FB /* BBMoviesTableViewController.m in Sources */ = {isa = PBXBuildFile; fileRef = FB27CDE41922B789001D22FB /* BBMoviesTableViewController.m */; };
		FB27CDE81922B868001D22FB /* BBSettingsTableViewController.m in Sources */ = {isa = PBXBuildFile; fileRef = FB27CDE71922B868001D22FB /* BBSettingsTableViewController.m */; };
		FB32109E192D3F330047CF48 /* BBSplitViewController.m in Sources */ = {isa = PBXBuildFile; fileRef = FB32109D192D3F330047CF48 /* BBSplitViewController.m */; };
		FB3210A0192D42790047CF48 /* icon-home-shows.png in Resources */ = {isa = PBXBuildFile; fileRef = FB32109F192D42790047CF48 /* icon-home-shows.png */; };
		FB3210A4192D4A7A0047CF48 /* icon-settings-system.png in Resources */ = {isa = PBXBuildFile; fileRef = FB3210A3192D4A7A0047CF48 /* icon-settings-system.png */; };
		FB3CD97E1937BE6100BE4773 /* button-search.png in Resources */ = {isa = PBXBuildFile; fileRef = FB3CD97D1937BE6100BE4773 /* button-search.png */; };
		FB3CD9811937CDC900BE4773 /* BBBarTextField.m in Sources */ = {isa = PBXBuildFile; fileRef = FB3CD9801937CDC900BE4773 /* BBBarTextField.m */; };
		FB424DBC193126AA002FE4FB /* UIImageViewAligned.m in Sources */ = {isa = PBXBuildFile; fileRef = FB424DBB193126AA002FE4FB /* UIImageViewAligned.m */; };
		FB424DBF19312ABB002FE4FB /* BBMediaTableViewController.m in Sources */ = {isa = PBXBuildFile; fileRef = FB424DBE19312ABB002FE4FB /* BBMediaTableViewController.m */; };
		FB6A19B1192D384D004BEA00 /* icon-home-movies.png in Resources */ = {isa = PBXBuildFile; fileRef = FB6A19B0192D384D004BEA00 /* icon-home-movies.png */; };
		FB9599E91925572A00AC2237 /* BBShowsTableViewController.m in Sources */ = {isa = PBXBuildFile; fileRef = FB9599E81925572A00AC2237 /* BBShowsTableViewController.m */; };
		FB9599EC19256E7B00AC2237 /* SETTINGS.m in Sources */ = {isa = PBXBuildFile; fileRef = FB9599EB19256E7B00AC2237 /* SETTINGS.m */; };
		FB9DC353192BF5810013A725 /* graphic-rotten-bad.png in Resources */ = {isa = PBXBuildFile; fileRef = FB9DC351192BF5810013A725 /* graphic-rotten-bad.png */; };
		FB9DC354192BF5810013A725 /* graphic-rotten-good.png in Resources */ = {isa = PBXBuildFile; fileRef = FB9DC352192BF5810013A725 /* graphic-rotten-good.png */; };
		FB9DC357192BF8C30013A725 /* BBRottenImageView.m in Sources */ = {isa = PBXBuildFile; fileRef = FB9DC356192BF8C30013A725 /* BBRottenImageView.m */; };
		FBA796571917BC72009DF064 /* BBDataSource.m in Sources */ = {isa = PBXBuildFile; fileRef = FBA796561917BC72009DF064 /* BBDataSource.m */; };
		FBA95A771A32634E009CA3B3 /* BBShowTableViewCell.m in Sources */ = {isa = PBXBuildFile; fileRef = FBA95A761A32634E009CA3B3 /* BBShowTableViewCell.m */; };
		FBB1524819183E9E00C8F844 /* BBMovieDetailsViewController.m in Sources */ = {isa = PBXBuildFile; fileRef = FBB1524719183E9E00C8F844 /* BBMovieDetailsViewController.m */; };
		FBBB26C719B7A5900018CCF6 /* BBSeries.m in Sources */ = {isa = PBXBuildFile; fileRef = FBBB26C619B7A5900018CCF6 /* BBSeries.m */; };
		FBC1974C191E4737006C6F63 /* button-sort.png in Resources */ = {isa = PBXBuildFile; fileRef = FBC1974B191E4737006C6F63 /* button-sort.png */; };
		FBEE3954191EBFA4002F78FC /* button-unwatched.png in Resources */ = {isa = PBXBuildFile; fileRef = FBEE3953191EBFA4002F78FC /* button-unwatched.png */; };
		FBEE3956191EBFBD002F78FC /* button-watched.png in Resources */ = {isa = PBXBuildFile; fileRef = FBEE3955191EBFBD002F78FC /* button-watched.png */; };
/* End PBXBuildFile section */

/* Begin PBXFileReference section */
		7F6AB3DD1BC3128B00CD2848 /* UITextFieldIpAddress.h */ = {isa = PBXFileReference; fileEncoding = 4; lastKnownFileType = sourcecode.c.h; path = UITextFieldIpAddress.h; sourceTree = "<group>"; };
		7F6AB3DE1BC3128B00CD2848 /* UITextFieldIpAddress.m */ = {isa = PBXFileReference; fileEncoding = 4; lastKnownFileType = sourcecode.c.objc; path = UITextFieldIpAddress.m; sourceTree = "<group>"; };
		7FE2769F1A798718000C8A28 /* Entitlements.plist */ = {isa = PBXFileReference; fileEncoding = 4; lastKnownFileType = text.plist.xml; path = Entitlements.plist; sourceTree = "<group>"; };
		7FE276A11A7993B2000C8A28 /* BBMediaTableViewCell.h */ = {isa = PBXFileReference; fileEncoding = 4; lastKnownFileType = sourcecode.c.h; path = BBMediaTableViewCell.h; sourceTree = "<group>"; };
		7FE276A21A7993B2000C8A28 /* BBMediaTableViewCell.m */ = {isa = PBXFileReference; fileEncoding = 4; lastKnownFileType = sourcecode.c.objc; path = BBMediaTableViewCell.m; sourceTree = "<group>"; };
		FB05E49A191E4F2D00CE5617 /* BBSortViewController.h */ = {isa = PBXFileReference; fileEncoding = 4; lastKnownFileType = sourcecode.c.h; path = BBSortViewController.h; sourceTree = "<group>"; };
		FB05E49B191E4F2D00CE5617 /* BBSortViewController.m */ = {isa = PBXFileReference; fileEncoding = 4; lastKnownFileType = sourcecode.c.objc; path = BBSortViewController.m; sourceTree = "<group>"; };
		FB1561301911A268006AD3B3 /* BoxeeBrowser.app */ = {isa = PBXFileReference; explicitFileType = wrapper.application; includeInIndex = 0; path = BoxeeBrowser.app; sourceTree = BUILT_PRODUCTS_DIR; };
		FB1561331911A268006AD3B3 /* Foundation.framework */ = {isa = PBXFileReference; lastKnownFileType = wrapper.framework; name = Foundation.framework; path = System/Library/Frameworks/Foundation.framework; sourceTree = SDKROOT; };
		FB1561351911A268006AD3B3 /* CoreGraphics.framework */ = {isa = PBXFileReference; lastKnownFileType = wrapper.framework; name = CoreGraphics.framework; path = System/Library/Frameworks/CoreGraphics.framework; sourceTree = SDKROOT; };
		FB1561371911A268006AD3B3 /* UIKit.framework */ = {isa = PBXFileReference; lastKnownFileType = wrapper.framework; name = UIKit.framework; path = System/Library/Frameworks/UIKit.framework; sourceTree = SDKROOT; };
		FB1561391911A268006AD3B3 /* CoreData.framework */ = {isa = PBXFileReference; lastKnownFileType = wrapper.framework; name = CoreData.framework; path = System/Library/Frameworks/CoreData.framework; sourceTree = SDKROOT; };
		FB15613D1911A268006AD3B3 /* BoxeeBrowser-Info.plist */ = {isa = PBXFileReference; lastKnownFileType = text.plist.xml; path = "BoxeeBrowser-Info.plist"; sourceTree = "<group>"; };
		FB15613F1911A268006AD3B3 /* en */ = {isa = PBXFileReference; lastKnownFileType = text.plist.strings; name = en; path = en.lproj/InfoPlist.strings; sourceTree = "<group>"; };
		FB1561411911A268006AD3B3 /* main.m */ = {isa = PBXFileReference; lastKnownFileType = sourcecode.c.objc; path = main.m; sourceTree = "<group>"; };
		FB1561431911A268006AD3B3 /* BoxeeBrowser-Prefix.pch */ = {isa = PBXFileReference; lastKnownFileType = sourcecode.c.h; path = "BoxeeBrowser-Prefix.pch"; sourceTree = "<group>"; };
		FB1561441911A268006AD3B3 /* BBAppDelegate.h */ = {isa = PBXFileReference; lastKnownFileType = sourcecode.c.h; path = BBAppDelegate.h; sourceTree = "<group>"; };
		FB1561451911A268006AD3B3 /* BBAppDelegate.m */ = {isa = PBXFileReference; lastKnownFileType = sourcecode.c.objc; path = BBAppDelegate.m; sourceTree = "<group>"; };
		FB15614B1911A268006AD3B3 /* Base */ = {isa = PBXFileReference; lastKnownFileType = file.storyboard; name = Base; path = Base.lproj/Main_iPad.storyboard; sourceTree = "<group>"; };
		FB15614E1911A268006AD3B3 /* BoxeeBrowser.xcdatamodel */ = {isa = PBXFileReference; lastKnownFileType = wrapper.xcdatamodel; path = BoxeeBrowser.xcdatamodel; sourceTree = "<group>"; };
		FB1561501911A268006AD3B3 /* BBMasterViewController.h */ = {isa = PBXFileReference; lastKnownFileType = sourcecode.c.h; path = BBMasterViewController.h; sourceTree = "<group>"; };
		FB1561511911A268006AD3B3 /* BBMasterViewController.m */ = {isa = PBXFileReference; lastKnownFileType = sourcecode.c.objc; path = BBMasterViewController.m; sourceTree = "<group>"; };
		FB1561561911A268006AD3B3 /* Images.xcassets */ = {isa = PBXFileReference; lastKnownFileType = folder.assetcatalog; path = Images.xcassets; sourceTree = "<group>"; };
		FB15615D1911A268006AD3B3 /* XCTest.framework */ = {isa = PBXFileReference; lastKnownFileType = wrapper.framework; name = XCTest.framework; path = Library/Frameworks/XCTest.framework; sourceTree = DEVELOPER_DIR; };
		FB1561661911A268006AD3B3 /* BoxeeBrowserTests-Info.plist */ = {isa = PBXFileReference; lastKnownFileType = text.plist.xml; path = "BoxeeBrowserTests-Info.plist"; sourceTree = "<group>"; };
		FB1561681911A268006AD3B3 /* en */ = {isa = PBXFileReference; lastKnownFileType = text.plist.strings; name = en; path = en.lproj/InfoPlist.strings; sourceTree = "<group>"; };
		FB15616A1911A268006AD3B3 /* BoxeeBrowserTests.m */ = {isa = PBXFileReference; lastKnownFileType = sourcecode.c.objc; path = BoxeeBrowserTests.m; sourceTree = "<group>"; };
		FB1561741911A3CC006AD3B3 /* BBEnhancedLabel.h */ = {isa = PBXFileReference; fileEncoding = 4; lastKnownFileType = sourcecode.c.h; path = BBEnhancedLabel.h; sourceTree = "<group>"; };
		FB1561751911A3CC006AD3B3 /* BBEnhancedLabel.m */ = {isa = PBXFileReference; fileEncoding = 4; lastKnownFileType = sourcecode.c.objc; path = BBEnhancedLabel.m; sourceTree = "<group>"; };
		FB1561761911A3CC006AD3B3 /* BBFtp.h */ = {isa = PBXFileReference; fileEncoding = 4; lastKnownFileType = sourcecode.c.h; path = BBFtp.h; sourceTree = "<group>"; };
		FB1561771911A3CC006AD3B3 /* BBFtp.m */ = {isa = PBXFileReference; fileEncoding = 4; lastKnownFileType = sourcecode.c.objc; path = BBFtp.m; sourceTree = "<group>"; };
		FB15617D1911A3CC006AD3B3 /* BBTelnet.h */ = {isa = PBXFileReference; fileEncoding = 4; lastKnownFileType = sourcecode.c.h; path = BBTelnet.h; sourceTree = "<group>"; };
		FB15617E1911A3CC006AD3B3 /* BBTelnet.m */ = {isa = PBXFileReference; fileEncoding = 4; lastKnownFileType = sourcecode.c.objc; path = BBTelnet.m; sourceTree = "<group>"; };
		FB1561881911A457006AD3B3 /* BBMediaItem.h */ = {isa = PBXFileReference; fileEncoding = 4; lastKnownFileType = sourcecode.c.h; path = BBMediaItem.h; sourceTree = "<group>"; };
		FB1561891911A457006AD3B3 /* BBMediaItem.m */ = {isa = PBXFileReference; fileEncoding = 4; lastKnownFileType = sourcecode.c.objc; path = BBMediaItem.m; sourceTree = "<group>"; };
		FB15618B1911A481006AD3B3 /* icon-imdb.png */ = {isa = PBXFileReference; lastKnownFileType = image.png; path = "icon-imdb.png"; sourceTree = "<group>"; };
		FB15618D1911B333006AD3B3 /* libsqlite3.dylib */ = {isa = PBXFileReference; lastKnownFileType = "compiled.mach-o.dylib"; name = libsqlite3.dylib; path = usr/lib/libsqlite3.dylib; sourceTree = SDKROOT; };
		FB15618F1911B491006AD3B3 /* BBMovieTableViewCell.h */ = {isa = PBXFileReference; fileEncoding = 4; lastKnownFileType = sourcecode.c.h; path = BBMovieTableViewCell.h; sourceTree = "<group>"; };
		FB1561901911B491006AD3B3 /* BBMovieTableViewCell.m */ = {isa = PBXFileReference; fileEncoding = 4; lastKnownFileType = sourcecode.c.objc; path = BBMovieTableViewCell.m; sourceTree = "<group>"; };
		FB18C7341923F157001A6555 /* BBSplitViewButtonHandler.h */ = {isa = PBXFileReference; lastKnownFileType = sourcecode.c.h; path = BBSplitViewButtonHandler.h; sourceTree = "<group>"; };
		FB18C7351923F8DA001A6555 /* BBDetailViewController.h */ = {isa = PBXFileReference; fileEncoding = 4; lastKnownFileType = sourcecode.c.h; path = BBDetailViewController.h; sourceTree = "<group>"; };
		FB18C7361923F8DA001A6555 /* BBDetailViewController.m */ = {isa = PBXFileReference; fileEncoding = 4; lastKnownFileType = sourcecode.c.objc; path = BBDetailViewController.m; sourceTree = "<group>"; };
		FB19E791192AA62200B08984 /* thumbnail-default-movie.png */ = {isa = PBXFileReference; lastKnownFileType = image.png; path = "thumbnail-default-movie.png"; sourceTree = "<group>"; };
		FB19E793192AA7BA00B08984 /* thumbnail-default-show.png */ = {isa = PBXFileReference; lastKnownFileType = image.png; path = "thumbnail-default-show.png"; sourceTree = "<group>"; };
		FB19E795192AA87C00B08984 /* background.jpg */ = {isa = PBXFileReference; lastKnownFileType = image.jpeg; path = background.jpg; sourceTree = "<group>"; };
		FB19E797192AADFB00B08984 /* watched.png */ = {isa = PBXFileReference; lastKnownFileType = image.png; path = watched.png; sourceTree = "<group>"; };
		FB1A1F7E192933D900CD6EE1 /* BBUITableViewCell.h */ = {isa = PBXFileReference; fileEncoding = 4; lastKnownFileType = sourcecode.c.h; path = BBUITableViewCell.h; sourceTree = "<group>"; };
		FB1A1F7F192933D900CD6EE1 /* BBUITableViewCell.m */ = {isa = PBXFileReference; fileEncoding = 4; lastKnownFileType = sourcecode.c.objc; path = BBUITableViewCell.m; sourceTree = "<group>"; };
		FB27CDE31922B789001D22FB /* BBMoviesTableViewController.h */ = {isa = PBXFileReference; fileEncoding = 4; lastKnownFileType = sourcecode.c.h; path = BBMoviesTableViewController.h; sourceTree = "<group>"; };
		FB27CDE41922B789001D22FB /* BBMoviesTableViewController.m */ = {isa = PBXFileReference; fileEncoding = 4; lastKnownFileType = sourcecode.c.objc; path = BBMoviesTableViewController.m; sourceTree = "<group>"; };
		FB27CDE61922B868001D22FB /* BBSettingsTableViewController.h */ = {isa = PBXFileReference; fileEncoding = 4; lastKnownFileType = sourcecode.c.h; path = BBSettingsTableViewController.h; sourceTree = "<group>"; };
		FB27CDE71922B868001D22FB /* BBSettingsTableViewController.m */ = {isa = PBXFileReference; fileEncoding = 4; lastKnownFileType = sourcecode.c.objc; path = BBSettingsTableViewController.m; sourceTree = "<group>"; };
		FB32109C192D3F330047CF48 /* BBSplitViewController.h */ = {isa = PBXFileReference; fileEncoding = 4; lastKnownFileType = sourcecode.c.h; path = BBSplitViewController.h; sourceTree = "<group>"; };
		FB32109D192D3F330047CF48 /* BBSplitViewController.m */ = {isa = PBXFileReference; fileEncoding = 4; lastKnownFileType = sourcecode.c.objc; path = BBSplitViewController.m; sourceTree = "<group>"; };
		FB32109F192D42790047CF48 /* icon-home-shows.png */ = {isa = PBXFileReference; lastKnownFileType = image.png; path = "icon-home-shows.png"; sourceTree = "<group>"; };
		FB3210A3192D4A7A0047CF48 /* icon-settings-system.png */ = {isa = PBXFileReference; lastKnownFileType = image.png; path = "icon-settings-system.png"; sourceTree = "<group>"; };
		FB3CD97D1937BE6100BE4773 /* button-search.png */ = {isa = PBXFileReference; lastKnownFileType = image.png; path = "button-search.png"; sourceTree = "<group>"; };
		FB3CD97F1937CDC900BE4773 /* BBBarTextField.h */ = {isa = PBXFileReference; fileEncoding = 4; lastKnownFileType = sourcecode.c.h; path = BBBarTextField.h; sourceTree = "<group>"; };
		FB3CD9801937CDC900BE4773 /* BBBarTextField.m */ = {isa = PBXFileReference; fileEncoding = 4; lastKnownFileType = sourcecode.c.objc; path = BBBarTextField.m; sourceTree = "<group>"; };
		FB424DBA193126AA002FE4FB /* UIImageViewAligned.h */ = {isa = PBXFileReference; fileEncoding = 4; lastKnownFileType = sourcecode.c.h; path = UIImageViewAligned.h; sourceTree = "<group>"; };
		FB424DBB193126AA002FE4FB /* UIImageViewAligned.m */ = {isa = PBXFileReference; fileEncoding = 4; lastKnownFileType = sourcecode.c.objc; path = UIImageViewAligned.m; sourceTree = "<group>"; };
		FB424DBD19312ABB002FE4FB /* BBMediaTableViewController.h */ = {isa = PBXFileReference; fileEncoding = 4; lastKnownFileType = sourcecode.c.h; path = BBMediaTableViewController.h; sourceTree = "<group>"; };
		FB424DBE19312ABB002FE4FB /* BBMediaTableViewController.m */ = {isa = PBXFileReference; fileEncoding = 4; lastKnownFileType = sourcecode.c.objc; path = BBMediaTableViewController.m; sourceTree = "<group>"; };
		FB6A19B0192D384D004BEA00 /* icon-home-movies.png */ = {isa = PBXFileReference; lastKnownFileType = image.png; path = "icon-home-movies.png"; sourceTree = "<group>"; };
		FB9599E71925572A00AC2237 /* BBShowsTableViewController.h */ = {isa = PBXFileReference; fileEncoding = 4; lastKnownFileType = sourcecode.c.h; path = BBShowsTableViewController.h; sourceTree = "<group>"; };
		FB9599E81925572A00AC2237 /* BBShowsTableViewController.m */ = {isa = PBXFileReference; fileEncoding = 4; lastKnownFileType = sourcecode.c.objc; path = BBShowsTableViewController.m; sourceTree = "<group>"; };
		FB9599EA19256E7B00AC2237 /* SETTINGS.h */ = {isa = PBXFileReference; fileEncoding = 4; lastKnownFileType = sourcecode.c.h; path = SETTINGS.h; sourceTree = "<group>"; };
		FB9599EB19256E7B00AC2237 /* SETTINGS.m */ = {isa = PBXFileReference; fileEncoding = 4; lastKnownFileType = sourcecode.c.objc; path = SETTINGS.m; sourceTree = "<group>"; };
		FB9DC351192BF5810013A725 /* graphic-rotten-bad.png */ = {isa = PBXFileReference; lastKnownFileType = image.png; path = "graphic-rotten-bad.png"; sourceTree = "<group>"; };
		FB9DC352192BF5810013A725 /* graphic-rotten-good.png */ = {isa = PBXFileReference; lastKnownFileType = image.png; path = "graphic-rotten-good.png"; sourceTree = "<group>"; };
		FB9DC355192BF8C30013A725 /* BBRottenImageView.h */ = {isa = PBXFileReference; fileEncoding = 4; lastKnownFileType = sourcecode.c.h; path = BBRottenImageView.h; sourceTree = "<group>"; };
		FB9DC356192BF8C30013A725 /* BBRottenImageView.m */ = {isa = PBXFileReference; fileEncoding = 4; lastKnownFileType = sourcecode.c.objc; path = BBRottenImageView.m; sourceTree = "<group>"; };
		FBA796551917BC72009DF064 /* BBDataSource.h */ = {isa = PBXFileReference; fileEncoding = 4; lastKnownFileType = sourcecode.c.h; name = BBDataSource.h; path = ../BBDataSource.h; sourceTree = "<group>"; };
		FBA796561917BC72009DF064 /* BBDataSource.m */ = {isa = PBXFileReference; fileEncoding = 4; lastKnownFileType = sourcecode.c.objc; name = BBDataSource.m; path = ../BBDataSource.m; sourceTree = "<group>"; };
		FBA95A751A32634E009CA3B3 /* BBShowTableViewCell.h */ = {isa = PBXFileReference; fileEncoding = 4; lastKnownFileType = sourcecode.c.h; path = BBShowTableViewCell.h; sourceTree = "<group>"; };
		FBA95A761A32634E009CA3B3 /* BBShowTableViewCell.m */ = {isa = PBXFileReference; fileEncoding = 4; lastKnownFileType = sourcecode.c.objc; path = BBShowTableViewCell.m; sourceTree = "<group>"; };
		FBB1524619183E9E00C8F844 /* BBMovieDetailsViewController.h */ = {isa = PBXFileReference; fileEncoding = 4; lastKnownFileType = sourcecode.c.h; path = BBMovieDetailsViewController.h; sourceTree = "<group>"; };
		FBB1524719183E9E00C8F844 /* BBMovieDetailsViewController.m */ = {isa = PBXFileReference; fileEncoding = 4; lastKnownFileType = sourcecode.c.objc; path = BBMovieDetailsViewController.m; sourceTree = "<group>"; };
		FBBB26C519B7A5900018CCF6 /* BBSeries.h */ = {isa = PBXFileReference; fileEncoding = 4; lastKnownFileType = sourcecode.c.h; path = BBSeries.h; sourceTree = "<group>"; };
		FBBB26C619B7A5900018CCF6 /* BBSeries.m */ = {isa = PBXFileReference; fileEncoding = 4; lastKnownFileType = sourcecode.c.objc; path = BBSeries.m; sourceTree = "<group>"; };
		FBC1974B191E4737006C6F63 /* button-sort.png */ = {isa = PBXFileReference; lastKnownFileType = image.png; path = "button-sort.png"; sourceTree = "<group>"; };
		FBEE3953191EBFA4002F78FC /* button-unwatched.png */ = {isa = PBXFileReference; lastKnownFileType = image.png; path = "button-unwatched.png"; sourceTree = "<group>"; };
		FBEE3955191EBFBD002F78FC /* button-watched.png */ = {isa = PBXFileReference; lastKnownFileType = image.png; path = "button-watched.png"; sourceTree = "<group>"; };
/* End PBXFileReference section */

/* Begin PBXFrameworksBuildPhase section */
		FB15612D1911A268006AD3B3 /* Frameworks */ = {
			isa = PBXFrameworksBuildPhase;
			buildActionMask = 2147483647;
			files = (
				FB15618E1911B333006AD3B3 /* libsqlite3.dylib in Frameworks */,
				FB1561361911A268006AD3B3 /* CoreGraphics.framework in Frameworks */,
				FB15613A1911A268006AD3B3 /* CoreData.framework in Frameworks */,
				FB1561381911A268006AD3B3 /* UIKit.framework in Frameworks */,
				FB1561341911A268006AD3B3 /* Foundation.framework in Frameworks */,
			);
			runOnlyForDeploymentPostprocessing = 0;
		};
/* End PBXFrameworksBuildPhase section */

/* Begin PBXGroup section */
		FB1561271911A268006AD3B3 = {
			isa = PBXGroup;
			children = (
				7FE2769F1A798718000C8A28 /* Entitlements.plist */,
				FB15613B1911A268006AD3B3 /* BoxeeBrowser */,
				FB1561641911A268006AD3B3 /* BoxeeBrowserTests */,
				FB1561321911A268006AD3B3 /* Frameworks */,
				FB1561311911A268006AD3B3 /* Products */,
			);
			sourceTree = "<group>";
		};
		FB1561311911A268006AD3B3 /* Products */ = {
			isa = PBXGroup;
			children = (
				FB1561301911A268006AD3B3 /* BoxeeBrowser.app */,
			);
			name = Products;
			sourceTree = "<group>";
		};
		FB1561321911A268006AD3B3 /* Frameworks */ = {
			isa = PBXGroup;
			children = (
				FB15618D1911B333006AD3B3 /* libsqlite3.dylib */,
				FB1561331911A268006AD3B3 /* Foundation.framework */,
				FB1561351911A268006AD3B3 /* CoreGraphics.framework */,
				FB1561371911A268006AD3B3 /* UIKit.framework */,
				FB1561391911A268006AD3B3 /* CoreData.framework */,
				FB15615D1911A268006AD3B3 /* XCTest.framework */,
			);
			name = Frameworks;
			sourceTree = "<group>";
		};
		FB15613B1911A268006AD3B3 /* BoxeeBrowser */ = {
			isa = PBXGroup;
			children = (
				FB15614A1911A268006AD3B3 /* Main_iPad.storyboard */,
				FB15613C1911A268006AD3B3 /* Supporting Files */,
				FB1561861911A421006AD3B3 /* Network */,
				FB1561871911A457006AD3B3 /* Model */,
				FB1561851911A406006AD3B3 /* Controls */,
				FB9599E61924176A00AC2237 /* AppFramework */,
				FB424DBD19312ABB002FE4FB /* BBMediaTableViewController.h */,
				FB424DBE19312ABB002FE4FB /* BBMediaTableViewController.m */,
				FB27CDE31922B789001D22FB /* BBMoviesTableViewController.h */,
				FB27CDE41922B789001D22FB /* BBMoviesTableViewController.m */,
				FB9599E71925572A00AC2237 /* BBShowsTableViewController.h */,
				FB9599E81925572A00AC2237 /* BBShowsTableViewController.m */,
				7FE276A11A7993B2000C8A28 /* BBMediaTableViewCell.h */,
				7FE276A21A7993B2000C8A28 /* BBMediaTableViewCell.m */,
				FB15618F1911B491006AD3B3 /* BBMovieTableViewCell.h */,
				FB1561901911B491006AD3B3 /* BBMovieTableViewCell.m */,
				FBA95A751A32634E009CA3B3 /* BBShowTableViewCell.h */,
				FBA95A761A32634E009CA3B3 /* BBShowTableViewCell.m */,
				FBB1524619183E9E00C8F844 /* BBMovieDetailsViewController.h */,
				FBB1524719183E9E00C8F844 /* BBMovieDetailsViewController.m */,
				FB05E49A191E4F2D00CE5617 /* BBSortViewController.h */,
				FB05E49B191E4F2D00CE5617 /* BBSortViewController.m */,
				FB27CDE61922B868001D22FB /* BBSettingsTableViewController.h */,
				FB27CDE71922B868001D22FB /* BBSettingsTableViewController.m */,
			);
			path = BoxeeBrowser;
			sourceTree = "<group>";
		};
		FB15613C1911A268006AD3B3 /* Supporting Files */ = {
			isa = PBXGroup;
			children = (
				FB3CD97D1937BE6100BE4773 /* button-search.png */,
				FB3210A3192D4A7A0047CF48 /* icon-settings-system.png */,
				FB32109F192D42790047CF48 /* icon-home-shows.png */,
				FB6A19B0192D384D004BEA00 /* icon-home-movies.png */,
				FB9DC351192BF5810013A725 /* graphic-rotten-bad.png */,
				FB9DC352192BF5810013A725 /* graphic-rotten-good.png */,
				FB19E797192AADFB00B08984 /* watched.png */,
				FB19E795192AA87C00B08984 /* background.jpg */,
				FB19E793192AA7BA00B08984 /* thumbnail-default-show.png */,
				FB19E791192AA62200B08984 /* thumbnail-default-movie.png */,
				FBEE3955191EBFBD002F78FC /* button-watched.png */,
				FBEE3953191EBFA4002F78FC /* button-unwatched.png */,
				FBC1974B191E4737006C6F63 /* button-sort.png */,
				FB1561561911A268006AD3B3 /* Images.xcassets */,
				FB15614D1911A268006AD3B3 /* BoxeeBrowser.xcdatamodeld */,
				FB9599EA19256E7B00AC2237 /* SETTINGS.h */,
				FB9599EB19256E7B00AC2237 /* SETTINGS.m */,
				FB15618B1911A481006AD3B3 /* icon-imdb.png */,
				FB15613D1911A268006AD3B3 /* BoxeeBrowser-Info.plist */,
				FB15613E1911A268006AD3B3 /* InfoPlist.strings */,
				FB1561411911A268006AD3B3 /* main.m */,
				FB1561431911A268006AD3B3 /* BoxeeBrowser-Prefix.pch */,
			);
			name = "Supporting Files";
			sourceTree = "<group>";
		};
		FB1561641911A268006AD3B3 /* BoxeeBrowserTests */ = {
			isa = PBXGroup;
			children = (
				FB15616A1911A268006AD3B3 /* BoxeeBrowserTests.m */,
				FB1561651911A268006AD3B3 /* Supporting Files */,
			);
			path = BoxeeBrowserTests;
			sourceTree = "<group>";
		};
		FB1561651911A268006AD3B3 /* Supporting Files */ = {
			isa = PBXGroup;
			children = (
				FB1561661911A268006AD3B3 /* BoxeeBrowserTests-Info.plist */,
				FB1561671911A268006AD3B3 /* InfoPlist.strings */,
			);
			name = "Supporting Files";
			sourceTree = "<group>";
		};
		FB1561851911A406006AD3B3 /* Controls */ = {
			isa = PBXGroup;
			children = (
				FB424DBA193126AA002FE4FB /* UIImageViewAligned.h */,
				FB424DBB193126AA002FE4FB /* UIImageViewAligned.m */,
				FB1561741911A3CC006AD3B3 /* BBEnhancedLabel.h */,
				FB1561751911A3CC006AD3B3 /* BBEnhancedLabel.m */,
				FB1A1F7E192933D900CD6EE1 /* BBUITableViewCell.h */,
				FB1A1F7F192933D900CD6EE1 /* BBUITableViewCell.m */,
				FB9DC355192BF8C30013A725 /* BBRottenImageView.h */,
				FB9DC356192BF8C30013A725 /* BBRottenImageView.m */,
				FB32109C192D3F330047CF48 /* BBSplitViewController.h */,
				FB32109D192D3F330047CF48 /* BBSplitViewController.m */,
				FB3CD97F1937CDC900BE4773 /* BBBarTextField.h */,
				FB3CD9801937CDC900BE4773 /* BBBarTextField.m */,
				7F6AB3DD1BC3128B00CD2848 /* UITextFieldIpAddress.h */,
				7F6AB3DE1BC3128B00CD2848 /* UITextFieldIpAddress.m */,
			);
			name = Controls;
			sourceTree = "<group>";
		};
		FB1561861911A421006AD3B3 /* Network */ = {
			isa = PBXGroup;
			children = (
				FB1561761911A3CC006AD3B3 /* BBFtp.h */,
				FB1561771911A3CC006AD3B3 /* BBFtp.m */,
				FB15617D1911A3CC006AD3B3 /* BBTelnet.h */,
				FB15617E1911A3CC006AD3B3 /* BBTelnet.m */,
			);
			name = Network;
			sourceTree = "<group>";
		};
		FB1561871911A457006AD3B3 /* Model */ = {
			isa = PBXGroup;
			children = (
				FBA796551917BC72009DF064 /* BBDataSource.h */,
				FBA796561917BC72009DF064 /* BBDataSource.m */,
				FB1561881911A457006AD3B3 /* BBMediaItem.h */,
				FB1561891911A457006AD3B3 /* BBMediaItem.m */,
				FBBB26C519B7A5900018CCF6 /* BBSeries.h */,
				FBBB26C619B7A5900018CCF6 /* BBSeries.m */,
			);
			path = Model;
			sourceTree = "<group>";
		};
		FB9599E61924176A00AC2237 /* AppFramework */ = {
			isa = PBXGroup;
			children = (
				FB1561441911A268006AD3B3 /* BBAppDelegate.h */,
				FB1561451911A268006AD3B3 /* BBAppDelegate.m */,
				FB1561501911A268006AD3B3 /* BBMasterViewController.h */,
				FB1561511911A268006AD3B3 /* BBMasterViewController.m */,
				FB18C7351923F8DA001A6555 /* BBDetailViewController.h */,
				FB18C7361923F8DA001A6555 /* BBDetailViewController.m */,
				FB18C7341923F157001A6555 /* BBSplitViewButtonHandler.h */,
			);
			name = AppFramework;
			sourceTree = "<group>";
		};
/* End PBXGroup section */

/* Begin PBXNativeTarget section */
		FB15612F1911A268006AD3B3 /* BoxeeBrowser */ = {
			isa = PBXNativeTarget;
			buildConfigurationList = FB15616E1911A268006AD3B3 /* Build configuration list for PBXNativeTarget "BoxeeBrowser" */;
			buildPhases = (
				FB15612C1911A268006AD3B3 /* Sources */,
				FB15612D1911A268006AD3B3 /* Frameworks */,
				FB15612E1911A268006AD3B3 /* Resources */,
			);
			buildRules = (
			);
			dependencies = (
			);
			name = BoxeeBrowser;
			productName = BoxeeBrowser;
			productReference = FB1561301911A268006AD3B3 /* BoxeeBrowser.app */;
			productType = "com.apple.product-type.application";
		};
/* End PBXNativeTarget section */

/* Begin PBXProject section */
		FB1561281911A268006AD3B3 /* Project object */ = {
			isa = PBXProject;
			attributes = {
				CLASSPREFIX = BB;
				LastUpgradeCheck = 0510;
				ORGANIZATIONNAME = "Gil Edri";
				TargetAttributes = {
					FB15612F1911A268006AD3B3 = {
						DevelopmentTeam = J8FJA8NP7Q;
					};
				};
			};
			buildConfigurationList = FB15612B1911A268006AD3B3 /* Build configuration list for PBXProject "BoxeeBrowser" */;
			compatibilityVersion = "Xcode 3.2";
			developmentRegion = English;
			hasScannedForEncodings = 0;
			knownRegions = (
				en,
				Base,
			);
			mainGroup = FB1561271911A268006AD3B3;
			productRefGroup = FB1561311911A268006AD3B3 /* Products */;
			projectDirPath = "";
			projectRoot = "";
			targets = (
				FB15612F1911A268006AD3B3 /* BoxeeBrowser */,
			);
		};
/* End PBXProject section */

/* Begin PBXResourcesBuildPhase section */
		FB15612E1911A268006AD3B3 /* Resources */ = {
			isa = PBXResourcesBuildPhase;
			buildActionMask = 2147483647;
			files = (
				FB15614C1911A268006AD3B3 /* Main_iPad.storyboard in Resources */,
				FB3CD97E1937BE6100BE4773 /* button-search.png in Resources */,
				FB9DC354192BF5810013A725 /* graphic-rotten-good.png in Resources */,
				FBEE3954191EBFA4002F78FC /* button-unwatched.png in Resources */,
				FB9DC353192BF5810013A725 /* graphic-rotten-bad.png in Resources */,
				FB1561571911A268006AD3B3 /* Images.xcassets in Resources */,
				FB15618C1911A481006AD3B3 /* icon-imdb.png in Resources */,
				FB3210A0192D42790047CF48 /* icon-home-shows.png in Resources */,
				FBEE3956191EBFBD002F78FC /* button-watched.png in Resources */,
				FB19E798192AADFB00B08984 /* watched.png in Resources */,
				FB1561401911A268006AD3B3 /* InfoPlist.strings in Resources */,
				FB6A19B1192D384D004BEA00 /* icon-home-movies.png in Resources */,
				7FE276A01A798718000C8A28 /* Entitlements.plist in Resources */,
				FB19E794192AA7BA00B08984 /* thumbnail-default-show.png in Resources */,
				FB19E792192AA62200B08984 /* thumbnail-default-movie.png in Resources */,
				FB3210A4192D4A7A0047CF48 /* icon-settings-system.png in Resources */,
				FB19E796192AA87C00B08984 /* background.jpg in Resources */,
				FBC1974C191E4737006C6F63 /* button-sort.png in Resources */,
			);
			runOnlyForDeploymentPostprocessing = 0;
		};
/* End PBXResourcesBuildPhase section */

/* Begin PBXSourcesBuildPhase section */
		FB15612C1911A268006AD3B3 /* Sources */ = {
			isa = PBXSourcesBuildPhase;
			buildActionMask = 2147483647;
			files = (
				FBBB26C719B7A5900018CCF6 /* BBSeries.m in Sources */,
				FB1561801911A3CC006AD3B3 /* BBEnhancedLabel.m in Sources */,
				FBB1524819183E9E00C8F844 /* BBMovieDetailsViewController.m in Sources */,
				FB1561841911A3CC006AD3B3 /* BBTelnet.m in Sources */,
				FB1561461911A268006AD3B3 /* BBAppDelegate.m in Sources */,
				FB1561911911B491006AD3B3 /* BBMovieTableViewCell.m in Sources */,
				FB32109E192D3F330047CF48 /* BBSplitViewController.m in Sources */,
				FB9DC357192BF8C30013A725 /* BBRottenImageView.m in Sources */,
				FBA796571917BC72009DF064 /* BBDataSource.m in Sources */,
				FB9599E91925572A00AC2237 /* BBShowsTableViewController.m in Sources */,
				FB27CDE51922B789001D22FB /* BBMoviesTableViewController.m in Sources */,
				7F6AB3DF1BC3128B00CD2848 /* UITextFieldIpAddress.m in Sources */,
				FBA95A771A32634E009CA3B3 /* BBShowTableViewCell.m in Sources */,
				FB3CD9811937CDC900BE4773 /* BBBarTextField.m in Sources */,
				FB1561421911A268006AD3B3 /* main.m in Sources */,
				FB1561521911A268006AD3B3 /* BBMasterViewController.m in Sources */,
				FB05E49C191E4F2D00CE5617 /* BBSortViewController.m in Sources */,
				FB424DBC193126AA002FE4FB /* UIImageViewAligned.m in Sources */,
				FB27CDE81922B868001D22FB /* BBSettingsTableViewController.m in Sources */,
				FB15618A1911A457006AD3B3 /* BBMediaItem.m in Sources */,
				FB424DBF19312ABB002FE4FB /* BBMediaTableViewController.m in Sources */,
				FB18C7371923F8DA001A6555 /* BBDetailViewController.m in Sources */,
				FB1A1F80192933D900CD6EE1 /* BBUITableViewCell.m in Sources */,
				FB1561811911A3CC006AD3B3 /* BBFtp.m in Sources */,
				FB9599EC19256E7B00AC2237 /* SETTINGS.m in Sources */,
				7FE276A31A7993B2000C8A28 /* BBMediaTableViewCell.m in Sources */,
				FB15614F1911A268006AD3B3 /* BoxeeBrowser.xcdatamodeld in Sources */,
			);
			runOnlyForDeploymentPostprocessing = 0;
		};
/* End PBXSourcesBuildPhase section */

/* Begin PBXVariantGroup section */
		FB15613E1911A268006AD3B3 /* InfoPlist.strings */ = {
			isa = PBXVariantGroup;
			children = (
				FB15613F1911A268006AD3B3 /* en */,
			);
			name = InfoPlist.strings;
			sourceTree = "<group>";
		};
		FB15614A1911A268006AD3B3 /* Main_iPad.storyboard */ = {
			isa = PBXVariantGroup;
			children = (
				FB15614B1911A268006AD3B3 /* Base */,
			);
			name = Main_iPad.storyboard;
			sourceTree = "<group>";
		};
		FB1561671911A268006AD3B3 /* InfoPlist.strings */ = {
			isa = PBXVariantGroup;
			children = (
				FB1561681911A268006AD3B3 /* en */,
			);
			name = InfoPlist.strings;
			sourceTree = "<group>";
		};
/* End PBXVariantGroup section */

/* Begin XCBuildConfiguration section */
		FB15616C1911A268006AD3B3 /* Debug */ = {
			isa = XCBuildConfiguration;
			buildSettings = {
				ALWAYS_SEARCH_USER_PATHS = NO;
				CLANG_CXX_LANGUAGE_STANDARD = "gnu++0x";
				CLANG_CXX_LIBRARY = "libc++";
				CLANG_ENABLE_MODULES = YES;
				CLANG_ENABLE_OBJC_ARC = YES;
				CLANG_WARN_BOOL_CONVERSION = YES;
				CLANG_WARN_CONSTANT_CONVERSION = YES;
				CLANG_WARN_DIRECT_OBJC_ISA_USAGE = YES_ERROR;
				CLANG_WARN_EMPTY_BODY = YES;
				CLANG_WARN_ENUM_CONVERSION = YES;
				CLANG_WARN_INT_CONVERSION = YES;
				CLANG_WARN_OBJC_ROOT_CLASS = YES_ERROR;
				CLANG_WARN__DUPLICATE_METHOD_MATCH = YES;
				CODE_SIGN_ENTITLEMENTS = Entitlements.plist;
				CODE_SIGN_IDENTITY = "-";
				"CODE_SIGN_IDENTITY[sdk=iphoneos*]" = "-";
				COPY_PHASE_STRIP = NO;
				GCC_C_LANGUAGE_STANDARD = gnu99;
				GCC_DYNAMIC_NO_PIC = NO;
				GCC_OPTIMIZATION_LEVEL = 0;
				GCC_PREPROCESSOR_DEFINITIONS = (
					"DEBUG=1",
					"$(inherited)",
				);
				GCC_SYMBOLS_PRIVATE_EXTERN = NO;
				GCC_WARN_64_TO_32_BIT_CONVERSION = YES;
				GCC_WARN_ABOUT_RETURN_TYPE = YES_ERROR;
				GCC_WARN_UNDECLARED_SELECTOR = YES;
				GCC_WARN_UNINITIALIZED_AUTOS = YES_AGGRESSIVE;
				GCC_WARN_UNUSED_FUNCTION = YES;
				GCC_WARN_UNUSED_VARIABLE = YES;
				IPHONEOS_DEPLOYMENT_TARGET = 7.1;
				ONLY_ACTIVE_ARCH = YES;
				SDKROOT = iphoneos;
				TARGETED_DEVICE_FAMILY = "1,2";
			};
			name = Debug;
		};
		FB15616D1911A268006AD3B3 /* Release */ = {
			isa = XCBuildConfiguration;
			buildSettings = {
				ALWAYS_SEARCH_USER_PATHS = NO;
				CLANG_CXX_LANGUAGE_STANDARD = "gnu++0x";
				CLANG_CXX_LIBRARY = "libc++";
				CLANG_ENABLE_MODULES = YES;
				CLANG_ENABLE_OBJC_ARC = YES;
				CLANG_WARN_BOOL_CONVERSION = YES;
				CLANG_WARN_CONSTANT_CONVERSION = YES;
				CLANG_WARN_DIRECT_OBJC_ISA_USAGE = YES_ERROR;
				CLANG_WARN_EMPTY_BODY = YES;
				CLANG_WARN_ENUM_CONVERSION = YES;
				CLANG_WARN_INT_CONVERSION = YES;
				CLANG_WARN_OBJC_ROOT_CLASS = YES_ERROR;
				CLANG_WARN__DUPLICATE_METHOD_MATCH = YES;
				CODE_SIGN_ENTITLEMENTS = Entitlements.plist;
				CODE_SIGN_IDENTITY = "-";
				"CODE_SIGN_IDENTITY[sdk=iphoneos*]" = "-";
				COPY_PHASE_STRIP = YES;
				ENABLE_NS_ASSERTIONS = NO;
				GCC_C_LANGUAGE_STANDARD = gnu99;
				GCC_WARN_64_TO_32_BIT_CONVERSION = YES;
				GCC_WARN_ABOUT_RETURN_TYPE = YES_ERROR;
				GCC_WARN_UNDECLARED_SELECTOR = YES;
				GCC_WARN_UNINITIALIZED_AUTOS = YES_AGGRESSIVE;
				GCC_WARN_UNUSED_FUNCTION = YES;
				GCC_WARN_UNUSED_VARIABLE = YES;
				IPHONEOS_DEPLOYMENT_TARGET = 7.1;
				SDKROOT = iphoneos;
				TARGETED_DEVICE_FAMILY = "1,2";
				VALIDATE_PRODUCT = YES;
			};
			name = Release;
		};
		FB15616F1911A268006AD3B3 /* Debug */ = {
			isa = XCBuildConfiguration;
			buildSettings = {
				ASSETCATALOG_COMPILER_APPICON_NAME = appicon;
				ASSETCATALOG_COMPILER_LAUNCHIMAGE_NAME = LaunchImage;
				CODE_SIGN_ENTITLEMENTS = Entitlements.plist;
				CODE_SIGN_IDENTITY = "iPhone Developer";
				GCC_PRECOMPILE_PREFIX_HEADER = YES;
				GCC_PREFIX_HEADER = "BoxeeBrowser/BoxeeBrowser-Prefix.pch";
				INFOPLIST_FILE = "BoxeeBrowser/BoxeeBrowser-Info.plist";
				IPHONEOS_DEPLOYMENT_TARGET = 9.0;
				PRODUCT_NAME = "$(TARGET_NAME)";
				TARGETED_DEVICE_FAMILY = 2;
				WRAPPER_EXTENSION = app;
			};
			name = Debug;
		};
		FB1561701911A268006AD3B3 /* Release */ = {
			isa = XCBuildConfiguration;
			buildSettings = {
				ASSETCATALOG_COMPILER_APPICON_NAME = appicon;
				ASSETCATALOG_COMPILER_LAUNCHIMAGE_NAME = LaunchImage;
				CODE_SIGN_ENTITLEMENTS = Entitlements.plist;
				CODE_SIGN_IDENTITY = "iPhone Developer";
				GCC_PRECOMPILE_PREFIX_HEADER = YES;
				GCC_PREFIX_HEADER = "BoxeeBrowser/BoxeeBrowser-Prefix.pch";
				INFOPLIST_FILE = "BoxeeBrowser/BoxeeBrowser-Info.plist";
				IPHONEOS_DEPLOYMENT_TARGET = 9.0;
				PRODUCT_NAME = "$(TARGET_NAME)";
				TARGETED_DEVICE_FAMILY = 2;
				WRAPPER_EXTENSION = app;
			};
			name = Release;
		};
/* End XCBuildConfiguration section */

/* Begin XCConfigurationList section */
		FB15612B1911A268006AD3B3 /* Build configuration list for PBXProject "BoxeeBrowser" */ = {
			isa = XCConfigurationList;
			buildConfigurations = (
				FB15616C1911A268006AD3B3 /* Debug */,
				FB15616D1911A268006AD3B3 /* Release */,
			);
			defaultConfigurationIsVisible = 0;
			defaultConfigurationName = Release;
		};
		FB15616E1911A268006AD3B3 /* Build configuration list for PBXNativeTarget "BoxeeBrowser" */ = {
			isa = XCConfigurationList;
			buildConfigurations = (
				FB15616F1911A268006AD3B3 /* Debug */,
				FB1561701911A268006AD3B3 /* Release */,
			);
			defaultConfigurationIsVisible = 0;
			defaultConfigurationName = Release;
		};
/* End XCConfigurationList section */

/* Begin XCVersionGroup section */
		FB15614D1911A268006AD3B3 /* BoxeeBrowser.xcdatamodeld */ = {
			isa = XCVersionGroup;
			children = (
				FB15614E1911A268006AD3B3 /* BoxeeBrowser.xcdatamodel */,
			);
			currentVersion = FB15614E1911A268006AD3B3 /* BoxeeBrowser.xcdatamodel */;
			path = BoxeeBrowser.xcdatamodeld;
			sourceTree = "<group>";
			versionGroupType = wrapper.xcdatamodel;
		};
/* End XCVersionGroup section */
	};
	rootObject = FB1561281911A268006AD3B3 /* Project object */;
}
